
Microsoft Visual Studio Solution File, Format Version 10.00
# Visual Studio 2008
Project("{8BC9CEB8-8B4A-11D0-8D11-00A0C91BC942}") = "t01eyes", "t01eyes.vcproj", "{2759E45A-D3A9-4DA9-B3D7-7B49D2D6CF22}"
EndProject
Global
	GlobalSection(SolutionConfigurationPlatforms) = preSolution
		Debug|Win32 = Debug|Win32
		Release|Win32 = Release|Win32
	EndGlobalSection
	GlobalSection(ProjectConfigurationPlatforms) = postSolution
		{2759E45A-D3A9-4DA9-B3D7-7B49D2D6CF22}.Debug|Win32.ActiveCfg = Debug|Win32
		{2759E45A-D3A9-4DA9-B3D7-7B49D2D6CF22}.Debug|Win32.Build.0 = Debug|Win32
		{2759E45A-D3A9-4DA9-B3D7-7B49D2D6CF22}.Release|Win32.ActiveCfg = Release|Win32
		{2759E45A-D3A9-4DA9-B3D7-7B49D2D6CF22}.Release|Win32.Build.0 = Release|Win32
	EndGlobalSection
	GlobalSection(SolutionProperties) = preSolution
		HideSolutionNode = FALSE
	EndGlobalSection
EndGlobal
